{
  "name": "package.json",
  "version": "1.0.0",
  "lockfileVersion": 1,
  "dependencies": {
    "clone-function": {
      "version": "1.0.6",
      "resolved": "https://registry.npmjs.org/clone-function/-/clone-function-1.0.6.tgz",
      "integrity": "sha1-QoRxk3dQvKnEjsv7wW9uIy90oD0=",
      "dev": true
    },
    "clone-stats": {
      "version": "0.0.1",
      "resolved": "https://registry.npmjs.org/clone-stats/-/clone-stats-0.0.1.tgz",
      "integrity": "sha1-uI+UqCzzi4eR1YBG6kAprYjKmdE=",
      "dev": true
    },
    "core-util-is": {
      "version": "1.0.2",
      "resolved": "https://registry.npmjs.org/core-util-is/-/core-util-is-1.0.2.tgz",
      "integrity": "sha1-tf1UIgqivFq1eqtxQMlAdUUDwac=",
      "dev": true
    },
    "forestry": {
      "version": "0.4.1",
      "resolved": "https://registry.npmjs.org/forestry/-/forestry-0.4.1.tgz",
      "integrity": "sha1-WQt/yW9jMo1KCygjtFgv35WAqfA=",
      "dev": true
    },
    "gulp-file-tree": {
      "version": "0.4.1",
      "resolved": "https://registry.npmjs.org/gulp-file-tree/-/gulp-file-tree-0.4.1.tgz",
      "integrity": "sha1-feRTLzlpszc+ATCMTrMK/b3dTjI=",
      "dev": true
    },
    "inherits": {
      "version": "2.0.3",
      "resolved": "https://registry.npmjs.org/inherits/-/inherits-2.0.3.tgz",
      "integrity": "sha1-Yzwsg+PaQqUC9SRmAiSA9CCCYd4=",
      "dev": true
    },
    "isarray": {
      "version": "0.0.1",
      "resolved": "https://registry.npmjs.org/isarray/-/isarray-0.0.1.tgz",
      "integrity": "sha1-ihis/Kmo9Bd+Cav8YDiTmwXR7t8=",
      "dev": true
    },
    "object-foreach": {
      "version": "0.1.2",
      "resolved": "https://registry.npmjs.org/object-foreach/-/object-foreach-0.1.2.tgz",
      "integrity": "sha1-10IcW0DjtqPvV6xiQ2jSHY+NLew=",
      "dev": true
    },
    "object-merge": {
      "version": "2.5.1",
      "resolved": "https://registry.npmjs.org/object-merge/-/object-merge-2.5.1.tgz",
      "integrity": "sha1-B36JFc446nKUeIRIxd0znjTfQic=",
      "dev": true
    },
    "readable-stream": {
      "version": "1.1.14",
      "resolved": "https://registry.npmjs.org/readable-stream/-/readable-stream-1.1.14.tgz",
      "integrity": "sha1-fPTFTvZI44EwhMY23SB54WbAgdk=",
      "dev": true
    },
    "string_decoder": {
      "version": "0.10.31",
      "resolved": "https://registry.npmjs.org/string_decoder/-/string_decoder-0.10.31.tgz",
      "integrity": "sha1-YuIDvEF2bGwoyfyEMB2rHFMQ+pQ=",
      "dev": true
    },
    "vinyl": {
      "version": "0.2.3",
      "resolved": "https://registry.npmjs.org/vinyl/-/vinyl-0.2.3.tgz",
      "integrity": "sha1-vKk4IJWC7FpJrVOKAPofEl5RMlI=",
      "dev": true
    }
  }
}
